
Microsoft Visual Studio Solution File, Format Version 12.00
# Visual Studio 15
VisualStudioVersion = 15.0.27428.2005
MinimumVisualStudioVersion = 10.0.40219.1
Project("{FAE04EC0-301F-11D3-BF4B-00C04F79EFBC}") = "TodoApi", "TodoApi\TodoApi.csproj", "{F10D420E-FB21-4754-A1BC-78184883C873}"
EndProject
Global
	GlobalSection(SolutionConfigurationPlatforms) = preSolution
		Debug|Any CPU = Debug|Any CPU
		Release|Any CPU = Release|Any CPU
	EndGlobalSection
	GlobalSection(ProjectConfigurationPlatforms) = postSolution
		{F10D420E-FB21-4754-A1BC-78184883C873}.Debug|Any CPU.ActiveCfg = Debug|Any CPU
		{F10D420E-FB21-4754-A1BC-78184883C873}.Debug|Any CPU.Build.0 = Debug|Any CPU
		{F10D420E-FB21-4754-A1BC-78184883C873}.Release|Any CPU.ActiveCfg = Release|Any CPU
		{F10D420E-FB21-4754-A1BC-78184883C873}.Release|Any CPU.Build.0 = Release|Any CPU
	EndGlobalSection
	GlobalSection(SolutionProperties) = preSolution
		HideSolutionNode = FALSE
	EndGlobalSection
	GlobalSection(ExtensibilityGlobals) = postSolution
		SolutionGuid = {6ABFB999-64DF-4115-8159-6A091DE9D592}
	EndGlobalSection
EndGlobal
